
Microsoft Visual Studio Solution File, Format Version 12.00
# Visual Studio 15
VisualStudioVersion = 15.0.28307.421
MinimumVisualStudioVersion = 10.0.40219.1
Project("{FAE04EC0-301F-11D3-BF4B-00C04F79EFBC}") = "Blog161", "WebApplication1\Blog161.csproj", "{A8C153FF-AF0A-4246-8482-6C7748CFB1EB}"
EndProject
Global
	GlobalSection(SolutionConfigurationPlatforms) = preSolution
		Debug|Any CPU = Debug|Any CPU
		Release|Any CPU = Release|Any CPU
	EndGlobalSection
	GlobalSection(ProjectConfigurationPlatforms) = postSolution
		{A8C153FF-AF0A-4246-8482-6C7748CFB1EB}.Debug|Any CPU.ActiveCfg = Debug|Any CPU
		{A8C153FF-AF0A-4246-8482-6C7748CFB1EB}.Debug|Any CPU.Build.0 = Debug|Any CPU
		{A8C153FF-AF0A-4246-8482-6C7748CFB1EB}.Release|Any CPU.ActiveCfg = Release|Any CPU
		{A8C153FF-AF0A-4246-8482-6C7748CFB1EB}.Release|Any CPU.Build.0 = Release|Any CPU
	EndGlobalSection
	GlobalSection(SolutionProperties) = preSolution
		HideSolutionNode = FALSE
	EndGlobalSection
	GlobalSection(ExtensibilityGlobals) = postSolution
		SolutionGuid = {D50516DE-E60B-47E1-8B78-3169415D34AA}
	EndGlobalSection
EndGlobal
